
Microsoft Visual Studio Solution File, Format Version 12.00
# Visual Studio 2012
Project("{FAE04EC0-301F-11D3-BF4B-00C04F79EFBC}") = "SD_wordprocessor", "SD_wordprocessor\SD_wordprocessor.csproj", "{2E16EC20-A405-479C-B6D5-EC0726E95189}"
EndProject
Project("{FAE04EC0-301F-11D3-BF4B-00C04F79EFBC}") = "clsBuiness", "clsBuiness\clsBuiness.csproj", "{5D47A9DD-DE8D-48DE-AF1E-40AFE410C60B}"
EndProject
Project("{FAE04EC0-301F-11D3-BF4B-00C04F79EFBC}") = "SDdb", "SDdb\SDdb.csproj", "{7464CE82-BB9E-427E-AAAD-73429A2C8930}"
EndProject
Project("{FAE04EC0-301F-11D3-BF4B-00C04F79EFBC}") = "Order.Common", "Order.Common\Order.Common.csproj", "{EB3B4387-9D4C-4A07-A558-971602541779}"
EndProject
Project("{6141683F-8A12-4E36-9623-2EB02B2C2303}") = "Setup", "Setup\Setup.isproj", "{942C6ACB-FEC3-4745-9058-B0C885BCC221}"
EndProject
Global
	GlobalSection(SolutionConfigurationPlatforms) = preSolution
		CD_ROM|Any CPU = CD_ROM|Any CPU
		Debug|Any CPU = Debug|Any CPU
		DVD-5|Any CPU = DVD-5|Any CPU
		Release|Any CPU = Release|Any CPU
		SingleImage|Any CPU = SingleImage|Any CPU
	EndGlobalSection
	GlobalSection(ProjectConfigurationPlatforms) = postSolution
		{2E16EC20-A405-479C-B6D5-EC0726E95189}.CD_ROM|Any CPU.ActiveCfg = Release|Any CPU
		{2E16EC20-A405-479C-B6D5-EC0726E95189}.CD_ROM|Any CPU.Build.0 = Release|Any CPU
		{2E16EC20-A405-479C-B6D5-EC0726E95189}.Debug|Any CPU.ActiveCfg = Debug|Any CPU
		{2E16EC20-A405-479C-B6D5-EC0726E95189}.Debug|Any CPU.Build.0 = Debug|Any CPU
		{2E16EC20-A405-479C-B6D5-EC0726E95189}.DVD-5|Any CPU.ActiveCfg = Debug|Any CPU
		{2E16EC20-A405-479C-B6D5-EC0726E95189}.DVD-5|Any CPU.Build.0 = Debug|Any CPU
		{2E16EC20-A405-479C-B6D5-EC0726E95189}.Release|Any CPU.ActiveCfg = Release|Any CPU
		{2E16EC20-A405-479C-B6D5-EC0726E95189}.Release|Any CPU.Build.0 = Release|Any CPU
		{2E16EC20-A405-479C-B6D5-EC0726E95189}.SingleImage|Any CPU.ActiveCfg = Debug|Any CPU
		{2E16EC20-A405-479C-B6D5-EC0726E95189}.SingleImage|Any CPU.Build.0 = Debug|Any CPU
		{5D47A9DD-DE8D-48DE-AF1E-40AFE410C60B}.CD_ROM|Any CPU.ActiveCfg = Release|Any CPU
		{5D47A9DD-DE8D-48DE-AF1E-40AFE410C60B}.CD_ROM|Any CPU.Build.0 = Release|Any CPU
		{5D47A9DD-DE8D-48DE-AF1E-40AFE410C60B}.Debug|Any CPU.ActiveCfg = Debug|Any CPU
		{5D47A9DD-DE8D-48DE-AF1E-40AFE410C60B}.Debug|Any CPU.Build.0 = Debug|Any CPU
		{5D47A9DD-DE8D-48DE-AF1E-40AFE410C60B}.DVD-5|Any CPU.ActiveCfg = Debug|Any CPU
		{5D47A9DD-DE8D-48DE-AF1E-40AFE410C60B}.DVD-5|Any CPU.Build.0 = Debug|Any CPU
		{5D47A9DD-DE8D-48DE-AF1E-40AFE410C60B}.Release|Any CPU.ActiveCfg = Release|Any CPU
		{5D47A9DD-DE8D-48DE-AF1E-40AFE410C60B}.Release|Any CPU.Build.0 = Release|Any CPU
		{5D47A9DD-DE8D-48DE-AF1E-40AFE410C60B}.SingleImage|Any CPU.ActiveCfg = Debug|Any CPU
		{5D47A9DD-DE8D-48DE-AF1E-40AFE410C60B}.SingleImage|Any CPU.Build.0 = Debug|Any CPU
		{7464CE82-BB9E-427E-AAAD-73429A2C8930}.CD_ROM|Any CPU.ActiveCfg = Release|Any CPU
		{7464CE82-BB9E-427E-AAAD-73429A2C8930}.CD_ROM|Any CPU.Build.0 = Release|Any CPU
		{7464CE82-BB9E-427E-AAAD-73429A2C8930}.Debug|Any CPU.ActiveCfg = Debug|Any CPU
		{7464CE82-BB9E-427E-AAAD-73429A2C8930}.Debug|Any CPU.Build.0 = Debug|Any CPU
		{7464CE82-BB9E-427E-AAAD-73429A2C8930}.DVD-5|Any CPU.ActiveCfg = Debug|Any CPU
		{7464CE82-BB9E-427E-AAAD-73429A2C8930}.DVD-5|Any CPU.Build.0 = Debug|Any CPU
		{7464CE82-BB9E-427E-AAAD-73429A2C8930}.Release|Any CPU.ActiveCfg = Release|Any CPU
		{7464CE82-BB9E-427E-AAAD-73429A2C8930}.Release|Any CPU.Build.0 = Release|Any CPU
		{7464CE82-BB9E-427E-AAAD-73429A2C8930}.SingleImage|Any CPU.ActiveCfg = Debug|Any CPU
		{7464CE82-BB9E-427E-AAAD-73429A2C8930}.SingleImage|Any CPU.Build.0 = Debug|Any CPU
		{EB3B4387-9D4C-4A07-A558-971602541779}.CD_ROM|Any CPU.ActiveCfg = Release|Any CPU
		{EB3B4387-9D4C-4A07-A558-971602541779}.CD_ROM|Any CPU.Build.0 = Release|Any CPU
		{EB3B4387-9D4C-4A07-A558-971602541779}.Debug|Any CPU.ActiveCfg = Debug|Any CPU
		{EB3B4387-9D4C-4A07-A558-971602541779}.Debug|Any CPU.Build.0 = Debug|Any CPU
		{EB3B4387-9D4C-4A07-A558-971602541779}.DVD-5|Any CPU.ActiveCfg = Debug|Any CPU
		{EB3B4387-9D4C-4A07-A558-971602541779}.DVD-5|Any CPU.Build.0 = Debug|Any CPU
		{EB3B4387-9D4C-4A07-A558-971602541779}.Release|Any CPU.ActiveCfg = Release|Any CPU
		{EB3B4387-9D4C-4A07-A558-971602541779}.Release|Any CPU.Build.0 = Release|Any CPU
		{EB3B4387-9D4C-4A07-A558-971602541779}.SingleImage|Any CPU.ActiveCfg = Debug|Any CPU
		{EB3B4387-9D4C-4A07-A558-971602541779}.SingleImage|Any CPU.Build.0 = Debug|Any CPU
		{942C6ACB-FEC3-4745-9058-B0C885BCC221}.CD_ROM|Any CPU.ActiveCfg = CD_ROM
		{942C6ACB-FEC3-4745-9058-B0C885BCC221}.CD_ROM|Any CPU.Build.0 = CD_ROM
		{942C6ACB-FEC3-4745-9058-B0C885BCC221}.Debug|Any CPU.ActiveCfg = DVD-5
		{942C6ACB-FEC3-4745-9058-B0C885BCC221}.Debug|Any CPU.Build.0 = DVD-5
		{942C6ACB-FEC3-4745-9058-B0C885BCC221}.DVD-5|Any CPU.ActiveCfg = DVD-5
		{942C6ACB-FEC3-4745-9058-B0C885BCC221}.DVD-5|Any CPU.Build.0 = DVD-5
		{942C6ACB-FEC3-4745-9058-B0C885BCC221}.Release|Any CPU.ActiveCfg = SingleImage
		{942C6ACB-FEC3-4745-9058-B0C885BCC221}.Release|Any CPU.Build.0 = SingleImage
		{942C6ACB-FEC3-4745-9058-B0C885BCC221}.SingleImage|Any CPU.ActiveCfg = SingleImage
		{942C6ACB-FEC3-4745-9058-B0C885BCC221}.SingleImage|Any CPU.Build.0 = SingleImage
	EndGlobalSection
	GlobalSection(SolutionProperties) = preSolution
		HideSolutionNode = FALSE
	EndGlobalSection
EndGlobal
